
Microsoft Visual Studio Solution File, Format Version 12.00
# Visual Studio Version 16
VisualStudioVersion = 16.0.32413.511
MinimumVisualStudioVersion = 10.0.40219.1
Project("{FAE04EC0-301F-11D3-BF4B-00C04F79EFBC}") = "RetanguloApp", "RetanguloApp\RetanguloApp.csproj", "{6A6DEB83-1640-417C-8171-2BCC2920B952}"
EndProject
Global
	GlobalSection(SolutionConfigurationPlatforms) = preSolution
		Debug|Any CPU = Debug|Any CPU
		Release|Any CPU = Release|Any CPU
	EndGlobalSection
	GlobalSection(ProjectConfigurationPlatforms) = postSolution
		{6A6DEB83-1640-417C-8171-2BCC2920B952}.Debug|Any CPU.ActiveCfg = Debug|Any CPU
		{6A6DEB83-1640-417C-8171-2BCC2920B952}.Debug|Any CPU.Build.0 = Debug|Any CPU
		{6A6DEB83-1640-417C-8171-2BCC2920B952}.Release|Any CPU.ActiveCfg = Release|Any CPU
		{6A6DEB83-1640-417C-8171-2BCC2920B952}.Release|Any CPU.Build.0 = Release|Any CPU
	EndGlobalSection
	GlobalSection(SolutionProperties) = preSolution
		HideSolutionNode = FALSE
	EndGlobalSection
	GlobalSection(ExtensibilityGlobals) = postSolution
		SolutionGuid = {62C29733-C2FE-4B47-862C-FE070C57EB9B}
	EndGlobalSection
EndGlobal
