
Microsoft Visual Studio Solution File, Format Version 12.00
# Visual Studio Version 16
VisualStudioVersion = 16.0.32413.511
MinimumVisualStudioVersion = 10.0.40219.1
Project("{FAE04EC0-301F-11D3-BF4B-00C04F79EFBC}") = "Test", "Test\Test.csproj", "{6BE39832-1716-440F-ACB2-9D5347B74EED}"
EndProject
Global
	GlobalSection(SolutionConfigurationPlatforms) = preSolution
		Debug|Any CPU = Debug|Any CPU
		Release|Any CPU = Release|Any CPU
	EndGlobalSection
	GlobalSection(ProjectConfigurationPlatforms) = postSolution
		{6BE39832-1716-440F-ACB2-9D5347B74EED}.Debug|Any CPU.ActiveCfg = Debug|Any CPU
		{6BE39832-1716-440F-ACB2-9D5347B74EED}.Debug|Any CPU.Build.0 = Debug|Any CPU
		{6BE39832-1716-440F-ACB2-9D5347B74EED}.Release|Any CPU.ActiveCfg = Release|Any CPU
		{6BE39832-1716-440F-ACB2-9D5347B74EED}.Release|Any CPU.Build.0 = Release|Any CPU
	EndGlobalSection
	GlobalSection(SolutionProperties) = preSolution
		HideSolutionNode = FALSE
	EndGlobalSection
	GlobalSection(ExtensibilityGlobals) = postSolution
		SolutionGuid = {8DFA44CB-3BB9-4523-9D28-DAEC5BB1692E}
	EndGlobalSection
EndGlobal
