
Microsoft Visual Studio Solution File, Format Version 12.00
# Visual Studio Version 16
VisualStudioVersion = 16.0.32413.511
MinimumVisualStudioVersion = 10.0.40219.1
Project("{FAE04EC0-301F-11D3-BF4B-00C04F79EFBC}") = "Abastecimento", "Abastecimento\Abastecimento.csproj", "{5A4BAA59-E40E-46AB-90AC-98E602DFACCD}"
EndProject
Global
	GlobalSection(SolutionConfigurationPlatforms) = preSolution
		Debug|Any CPU = Debug|Any CPU
		Release|Any CPU = Release|Any CPU
	EndGlobalSection
	GlobalSection(ProjectConfigurationPlatforms) = postSolution
		{5A4BAA59-E40E-46AB-90AC-98E602DFACCD}.Debug|Any CPU.ActiveCfg = Debug|Any CPU
		{5A4BAA59-E40E-46AB-90AC-98E602DFACCD}.Debug|Any CPU.Build.0 = Debug|Any CPU
		{5A4BAA59-E40E-46AB-90AC-98E602DFACCD}.Release|Any CPU.ActiveCfg = Release|Any CPU
		{5A4BAA59-E40E-46AB-90AC-98E602DFACCD}.Release|Any CPU.Build.0 = Release|Any CPU
	EndGlobalSection
	GlobalSection(SolutionProperties) = preSolution
		HideSolutionNode = FALSE
	EndGlobalSection
	GlobalSection(ExtensibilityGlobals) = postSolution
		SolutionGuid = {CD6BC266-76DA-4F73-BCF6-D57406A6ECA2}
	EndGlobalSection
EndGlobal
